
Microsoft Visual Studio Solution File, Format Version 12.00
# Visual Studio 15
VisualStudioVersion = 15.0.26228.12
MinimumVisualStudioVersion = 10.0.40219.1
Project("{2150E333-8FDC-42A3-9474-1A3956D46DE8}") = "Web", "Web", "{E389DEB6-5F90-444B-A054-12A10D39C76F}"
EndProject
Project("{FAE04EC0-301F-11D3-BF4B-00C04F79EFBC}") = "AspNetCoreTemplate.Web", "Web\AspNetCoreTemplate.Web\AspNetCoreTemplate.Web.csproj", "{B90D1067-FE4C-400E-BA78-5413E30AB9ED}"
EndProject
Global
	GlobalSection(SolutionConfigurationPlatforms) = preSolution
		Debug|Any CPU = Debug|Any CPU
		Release|Any CPU = Release|Any CPU
	EndGlobalSection
	GlobalSection(ProjectConfigurationPlatforms) = postSolution
		{B90D1067-FE4C-400E-BA78-5413E30AB9ED}.Debug|Any CPU.ActiveCfg = Debug|Any CPU
		{B90D1067-FE4C-400E-BA78-5413E30AB9ED}.Debug|Any CPU.Build.0 = Debug|Any CPU
		{B90D1067-FE4C-400E-BA78-5413E30AB9ED}.Release|Any CPU.ActiveCfg = Release|Any CPU
		{B90D1067-FE4C-400E-BA78-5413E30AB9ED}.Release|Any CPU.Build.0 = Release|Any CPU
	EndGlobalSection
	GlobalSection(SolutionProperties) = preSolution
		HideSolutionNode = FALSE
	EndGlobalSection
	GlobalSection(NestedProjects) = preSolution
		{B90D1067-FE4C-400E-BA78-5413E30AB9ED} = {E389DEB6-5F90-444B-A054-12A10D39C76F}
	EndGlobalSection
EndGlobal
