
Microsoft Visual Studio Solution File, Format Version 12.00
# Visual Studio Version 16
VisualStudioVersion = 16.0.30204.135
MinimumVisualStudioVersion = 10.0.40219.1
Project("{FAE04EC0-301F-11D3-BF4B-00C04F79EFBC}") = "TemplateRenamer", "TemplateRenamer.csproj", "{60789C77-F0B1-4C5E-9485-DDA2D5CA6253}"
EndProject
Global
	GlobalSection(SolutionConfigurationPlatforms) = preSolution
		Debug|Any CPU = Debug|Any CPU
		Release|Any CPU = Release|Any CPU
	EndGlobalSection
	GlobalSection(ProjectConfigurationPlatforms) = postSolution
		{60789C77-F0B1-4C5E-9485-DDA2D5CA6253}.Debug|Any CPU.ActiveCfg = Debug|Any CPU
		{60789C77-F0B1-4C5E-9485-DDA2D5CA6253}.Debug|Any CPU.Build.0 = Debug|Any CPU
		{60789C77-F0B1-4C5E-9485-DDA2D5CA6253}.Release|Any CPU.ActiveCfg = Release|Any CPU
		{60789C77-F0B1-4C5E-9485-DDA2D5CA6253}.Release|Any CPU.Build.0 = Release|Any CPU
	EndGlobalSection
	GlobalSection(SolutionProperties) = preSolution
		HideSolutionNode = FALSE
	EndGlobalSection
	GlobalSection(ExtensibilityGlobals) = postSolution
		SolutionGuid = {AC7BA4AE-2CE1-4D93-8E48-99F907C29C75}
	EndGlobalSection
EndGlobal
