
Microsoft Visual Studio Solution File, Format Version 12.00
# Visual Studio 14
VisualStudioVersion = 14.0.24720.0
MinimumVisualStudioVersion = 10.0.40219.1
Project("{2150E333-8FDC-42A3-9474-1A3956D46DE8}") = "Web", "Web", "{99FC36D3-D963-4263-BF69-8BD11F801E2B}"
EndProject
Project("{2150E333-8FDC-42A3-9474-1A3956D46DE8}") = "Tests", "Tests", "{0C12FAF3-85BC-43E1-ABB2-6799213942CB}"
EndProject
Project("{2150E333-8FDC-42A3-9474-1A3956D46DE8}") = "Data", "Data", "{8103CD5B-2A92-401C-A854-A31E0FD44DE6}"
EndProject
Project("{2150E333-8FDC-42A3-9474-1A3956D46DE8}") = "Services", "Services", "{A5398FDD-2BE7-452F-9808-E5D3C5B58CC3}"
EndProject
Project("{FAE04EC0-301F-11D3-BF4B-00C04F79EFBC}") = "MvcTemplate.Web", "Web\MvcTemplate.Web\MvcTemplate.Web.csproj", "{67CC40FF-4933-4F83-810E-357E6BC8B973}"
EndProject
Project("{FAE04EC0-301F-11D3-BF4B-00C04F79EFBC}") = "MvcTemplate.Data.Models", "Data\MvcTemplate.Data.Models\MvcTemplate.Data.Models.csproj", "{048DF115-FAD9-4BD4-9BA0-D99DFD32A2B2}"
EndProject
Project("{FAE04EC0-301F-11D3-BF4B-00C04F79EFBC}") = "MvcTemplate.Data.Common", "Data\MvcTemplate.Data.Common\MvcTemplate.Data.Common.csproj", "{EDFE3C57-EF5B-4636-9ECC-D0BACA6B6379}"
EndProject
Project("{FAE04EC0-301F-11D3-BF4B-00C04F79EFBC}") = "MvcTemplate.Data", "Data\MvcTemplate.Data\MvcTemplate.Data.csproj", "{7C950CDC-9587-4B65-A204-988EFED17948}"
EndProject
Project("{FAE04EC0-301F-11D3-BF4B-00C04F79EFBC}") = "MvcTemplate.Web.Infrastructure", "Web\MvcTemplate.Web.Infrastructure\MvcTemplate.Web.Infrastructure.csproj", "{6813DC53-5EEE-4507-8604-5301EE51A0D3}"
EndProject
Project("{FAE04EC0-301F-11D3-BF4B-00C04F79EFBC}") = "MvcTemplate.Services.Data", "Services\MvcTemplate.Services.Data\MvcTemplate.Services.Data.csproj", "{90FE4C4D-122A-406D-8A40-79C561FB8184}"
EndProject
Project("{2150E333-8FDC-42A3-9474-1A3956D46DE8}") = "Tools", "Tools", "{33E0499A-81F4-4CE7-A1BF-6E7103399834}"
EndProject
Project("{FAE04EC0-301F-11D3-BF4B-00C04F79EFBC}") = "Crawler", "Tools\Crawler\Crawler.csproj", "{AE824FC6-40A5-4F83-8D0F-54BEE0CD9BF8}"
EndProject
Project("{FAE04EC0-301F-11D3-BF4B-00C04F79EFBC}") = "MvcTemplate.Services.Web", "Services\MvcTemplate.Services.Web\MvcTemplate.Services.Web.csproj", "{DEAB17A2-58C1-448C-8A66-D49C3AF7FC6C}"
EndProject
Project("{FAE04EC0-301F-11D3-BF4B-00C04F79EFBC}") = "MvcTemplate.Services.Web.Tests", "Tests\MvcTemplate.Services.Web.Tests\MvcTemplate.Services.Web.Tests.csproj", "{D0D962BD-363D-4A22-9DB1-53136CE8EBF4}"
EndProject
Project("{FAE04EC0-301F-11D3-BF4B-00C04F79EFBC}") = "MvcTemplate.Web.Routes.Tests", "Tests\MvcTemplate.Web.Routes.Tests\MvcTemplate.Web.Routes.Tests.csproj", "{C3A300EF-D136-4334-9211-466B9E699339}"
EndProject
Project("{FAE04EC0-301F-11D3-BF4B-00C04F79EFBC}") = "MvcTemplate.Web.Controllers.Tests", "Tests\MvcTemplate.Web.Controllers.Tests\MvcTemplate.Web.Controllers.Tests.csproj", "{7C55353F-CB74-4E8E-B272-42DA1C9C2194}"
EndProject
Project("{FAE04EC0-301F-11D3-BF4B-00C04F79EFBC}") = "MvcTemplate.Common", "MvcTemplate.Common\MvcTemplate.Common.csproj", "{701F322F-AA01-4DDC-90B6-6935981C1E73}"
EndProject
Global
	GlobalSection(SolutionConfigurationPlatforms) = preSolution
		Debug|Any CPU = Debug|Any CPU
		Release|Any CPU = Release|Any CPU
	EndGlobalSection
	GlobalSection(ProjectConfigurationPlatforms) = postSolution
		{67CC40FF-4933-4F83-810E-357E6BC8B973}.Debug|Any CPU.ActiveCfg = Debug|Any CPU
		{67CC40FF-4933-4F83-810E-357E6BC8B973}.Debug|Any CPU.Build.0 = Debug|Any CPU
		{67CC40FF-4933-4F83-810E-357E6BC8B973}.Release|Any CPU.ActiveCfg = Release|Any CPU
		{67CC40FF-4933-4F83-810E-357E6BC8B973}.Release|Any CPU.Build.0 = Release|Any CPU
		{048DF115-FAD9-4BD4-9BA0-D99DFD32A2B2}.Debug|Any CPU.ActiveCfg = Debug|Any CPU
		{048DF115-FAD9-4BD4-9BA0-D99DFD32A2B2}.Debug|Any CPU.Build.0 = Debug|Any CPU
		{048DF115-FAD9-4BD4-9BA0-D99DFD32A2B2}.Release|Any CPU.ActiveCfg = Release|Any CPU
		{048DF115-FAD9-4BD4-9BA0-D99DFD32A2B2}.Release|Any CPU.Build.0 = Release|Any CPU
		{EDFE3C57-EF5B-4636-9ECC-D0BACA6B6379}.Debug|Any CPU.ActiveCfg = Debug|Any CPU
		{EDFE3C57-EF5B-4636-9ECC-D0BACA6B6379}.Debug|Any CPU.Build.0 = Debug|Any CPU
		{EDFE3C57-EF5B-4636-9ECC-D0BACA6B6379}.Release|Any CPU.ActiveCfg = Release|Any CPU
		{EDFE3C57-EF5B-4636-9ECC-D0BACA6B6379}.Release|Any CPU.Build.0 = Release|Any CPU
		{7C950CDC-9587-4B65-A204-988EFED17948}.Debug|Any CPU.ActiveCfg = Debug|Any CPU
		{7C950CDC-9587-4B65-A204-988EFED17948}.Debug|Any CPU.Build.0 = Debug|Any CPU
		{7C950CDC-9587-4B65-A204-988EFED17948}.Release|Any CPU.ActiveCfg = Release|Any CPU
		{7C950CDC-9587-4B65-A204-988EFED17948}.Release|Any CPU.Build.0 = Release|Any CPU
		{6813DC53-5EEE-4507-8604-5301EE51A0D3}.Debug|Any CPU.ActiveCfg = Debug|Any CPU
		{6813DC53-5EEE-4507-8604-5301EE51A0D3}.Debug|Any CPU.Build.0 = Debug|Any CPU
		{6813DC53-5EEE-4507-8604-5301EE51A0D3}.Release|Any CPU.ActiveCfg = Release|Any CPU
		{6813DC53-5EEE-4507-8604-5301EE51A0D3}.Release|Any CPU.Build.0 = Release|Any CPU
		{90FE4C4D-122A-406D-8A40-79C561FB8184}.Debug|Any CPU.ActiveCfg = Debug|Any CPU
		{90FE4C4D-122A-406D-8A40-79C561FB8184}.Debug|Any CPU.Build.0 = Debug|Any CPU
		{90FE4C4D-122A-406D-8A40-79C561FB8184}.Release|Any CPU.ActiveCfg = Release|Any CPU
		{90FE4C4D-122A-406D-8A40-79C561FB8184}.Release|Any CPU.Build.0 = Release|Any CPU
		{AE824FC6-40A5-4F83-8D0F-54BEE0CD9BF8}.Debug|Any CPU.ActiveCfg = Debug|Any CPU
		{AE824FC6-40A5-4F83-8D0F-54BEE0CD9BF8}.Debug|Any CPU.Build.0 = Debug|Any CPU
		{AE824FC6-40A5-4F83-8D0F-54BEE0CD9BF8}.Release|Any CPU.ActiveCfg = Release|Any CPU
		{AE824FC6-40A5-4F83-8D0F-54BEE0CD9BF8}.Release|Any CPU.Build.0 = Release|Any CPU
		{DEAB17A2-58C1-448C-8A66-D49C3AF7FC6C}.Debug|Any CPU.ActiveCfg = Debug|Any CPU
		{DEAB17A2-58C1-448C-8A66-D49C3AF7FC6C}.Debug|Any CPU.Build.0 = Debug|Any CPU
		{DEAB17A2-58C1-448C-8A66-D49C3AF7FC6C}.Release|Any CPU.ActiveCfg = Release|Any CPU
		{DEAB17A2-58C1-448C-8A66-D49C3AF7FC6C}.Release|Any CPU.Build.0 = Release|Any CPU
		{D0D962BD-363D-4A22-9DB1-53136CE8EBF4}.Debug|Any CPU.ActiveCfg = Debug|Any CPU
		{D0D962BD-363D-4A22-9DB1-53136CE8EBF4}.Debug|Any CPU.Build.0 = Debug|Any CPU
		{D0D962BD-363D-4A22-9DB1-53136CE8EBF4}.Release|Any CPU.ActiveCfg = Release|Any CPU
		{D0D962BD-363D-4A22-9DB1-53136CE8EBF4}.Release|Any CPU.Build.0 = Release|Any CPU
		{C3A300EF-D136-4334-9211-466B9E699339}.Debug|Any CPU.ActiveCfg = Debug|Any CPU
		{C3A300EF-D136-4334-9211-466B9E699339}.Debug|Any CPU.Build.0 = Debug|Any CPU
		{C3A300EF-D136-4334-9211-466B9E699339}.Release|Any CPU.ActiveCfg = Release|Any CPU
		{C3A300EF-D136-4334-9211-466B9E699339}.Release|Any CPU.Build.0 = Release|Any CPU
		{7C55353F-CB74-4E8E-B272-42DA1C9C2194}.Debug|Any CPU.ActiveCfg = Debug|Any CPU
		{7C55353F-CB74-4E8E-B272-42DA1C9C2194}.Debug|Any CPU.Build.0 = Debug|Any CPU
		{7C55353F-CB74-4E8E-B272-42DA1C9C2194}.Release|Any CPU.ActiveCfg = Release|Any CPU
		{7C55353F-CB74-4E8E-B272-42DA1C9C2194}.Release|Any CPU.Build.0 = Release|Any CPU
		{701F322F-AA01-4DDC-90B6-6935981C1E73}.Debug|Any CPU.ActiveCfg = Debug|Any CPU
		{701F322F-AA01-4DDC-90B6-6935981C1E73}.Debug|Any CPU.Build.0 = Debug|Any CPU
		{701F322F-AA01-4DDC-90B6-6935981C1E73}.Release|Any CPU.ActiveCfg = Release|Any CPU
		{701F322F-AA01-4DDC-90B6-6935981C1E73}.Release|Any CPU.Build.0 = Release|Any CPU
	EndGlobalSection
	GlobalSection(SolutionProperties) = preSolution
		HideSolutionNode = FALSE
	EndGlobalSection
	GlobalSection(NestedProjects) = preSolution
		{67CC40FF-4933-4F83-810E-357E6BC8B973} = {99FC36D3-D963-4263-BF69-8BD11F801E2B}
		{048DF115-FAD9-4BD4-9BA0-D99DFD32A2B2} = {8103CD5B-2A92-401C-A854-A31E0FD44DE6}
		{EDFE3C57-EF5B-4636-9ECC-D0BACA6B6379} = {8103CD5B-2A92-401C-A854-A31E0FD44DE6}
		{7C950CDC-9587-4B65-A204-988EFED17948} = {8103CD5B-2A92-401C-A854-A31E0FD44DE6}
		{6813DC53-5EEE-4507-8604-5301EE51A0D3} = {99FC36D3-D963-4263-BF69-8BD11F801E2B}
		{90FE4C4D-122A-406D-8A40-79C561FB8184} = {A5398FDD-2BE7-452F-9808-E5D3C5B58CC3}
		{AE824FC6-40A5-4F83-8D0F-54BEE0CD9BF8} = {33E0499A-81F4-4CE7-A1BF-6E7103399834}
		{DEAB17A2-58C1-448C-8A66-D49C3AF7FC6C} = {A5398FDD-2BE7-452F-9808-E5D3C5B58CC3}
		{D0D962BD-363D-4A22-9DB1-53136CE8EBF4} = {0C12FAF3-85BC-43E1-ABB2-6799213942CB}
		{C3A300EF-D136-4334-9211-466B9E699339} = {0C12FAF3-85BC-43E1-ABB2-6799213942CB}
		{7C55353F-CB74-4E8E-B272-42DA1C9C2194} = {0C12FAF3-85BC-43E1-ABB2-6799213942CB}
	EndGlobalSection
EndGlobal
